
Microsoft Visual Studio Solution File, Format Version 12.00
# Visual Studio 2015
Project("{FAE04EC0-301F-11D3-BF4B-00C04F79EFBC}") = "VRSPACIALCUE_PROJECT", "VRSPACIALCUE_PROJECT.csproj", "{0689E24B-DF64-45BE-895D-7BB4DE9F790E}"
EndProject
Project("{FAE04EC0-301F-11D3-BF4B-00C04F79EFBC}") = "VRSPACIALCUE_PROJECT.Editor", "VRSPACIALCUE_PROJECT.Editor.csproj", "{4E25CF60-6363-7AFA-BEAE-A570AE2C9A5C}"
EndProject
Global
	GlobalSection(SolutionConfigurationPlatforms) = preSolution
		Debug|Any CPU = Debug|Any CPU
		Release|Any CPU = Release|Any CPU
	EndGlobalSection
	GlobalSection(ProjectConfigurationPlatforms) = postSolution
		{0689E24B-DF64-45BE-895D-7BB4DE9F790E}.Debug|Any CPU.ActiveCfg = Debug|Any CPU
		{0689E24B-DF64-45BE-895D-7BB4DE9F790E}.Debug|Any CPU.Build.0 = Debug|Any CPU
		{0689E24B-DF64-45BE-895D-7BB4DE9F790E}.Release|Any CPU.ActiveCfg = Release|Any CPU
		{0689E24B-DF64-45BE-895D-7BB4DE9F790E}.Release|Any CPU.Build.0 = Release|Any CPU
		{4E25CF60-6363-7AFA-BEAE-A570AE2C9A5C}.Debug|Any CPU.ActiveCfg = Debug|Any CPU
		{4E25CF60-6363-7AFA-BEAE-A570AE2C9A5C}.Debug|Any CPU.Build.0 = Debug|Any CPU
		{4E25CF60-6363-7AFA-BEAE-A570AE2C9A5C}.Release|Any CPU.ActiveCfg = Release|Any CPU
		{4E25CF60-6363-7AFA-BEAE-A570AE2C9A5C}.Release|Any CPU.Build.0 = Release|Any CPU
	EndGlobalSection
	GlobalSection(SolutionProperties) = preSolution
		HideSolutionNode = FALSE
	EndGlobalSection
EndGlobal
